
Microsoft Visual Studio Solution File, Format Version 12.00
# Visual Studio Version 17
VisualStudioVersion = 17.1.32210.238
MinimumVisualStudioVersion = 10.0.40219.1
Project("{9A19103F-16F7-4668-BE54-9A1E7A4F7556}") = "УЛПР БВ4", "УЛПР БВ\УЛПР БВ4.csproj", "{C1C16EB7-18B1-47CE-A259-B0C6155A67AE}"
EndProject
Global
	GlobalSection(SolutionConfigurationPlatforms) = preSolution
		Debug|Any CPU = Debug|Any CPU
		Release|Any CPU = Release|Any CPU
	EndGlobalSection
	GlobalSection(ProjectConfigurationPlatforms) = postSolution
		{C1C16EB7-18B1-47CE-A259-B0C6155A67AE}.Debug|Any CPU.ActiveCfg = Debug|Any CPU
		{C1C16EB7-18B1-47CE-A259-B0C6155A67AE}.Debug|Any CPU.Build.0 = Debug|Any CPU
		{C1C16EB7-18B1-47CE-A259-B0C6155A67AE}.Release|Any CPU.ActiveCfg = Release|Any CPU
		{C1C16EB7-18B1-47CE-A259-B0C6155A67AE}.Release|Any CPU.Build.0 = Release|Any CPU
	EndGlobalSection
	GlobalSection(SolutionProperties) = preSolution
		HideSolutionNode = FALSE
	EndGlobalSection
	GlobalSection(ExtensibilityGlobals) = postSolution
		SolutionGuid = {2584EB57-6D14-42DD-996C-8458C69D2A8D}
	EndGlobalSection
EndGlobal
