
Microsoft Visual Studio Solution File, Format Version 12.00
# Visual Studio Version 17
VisualStudioVersion = 17.1.32210.238
MinimumVisualStudioVersion = 10.0.40219.1
Project("{FAE04EC0-301F-11D3-BF4B-00C04F79EFBC}") = "УЛПР2", "УЛПР2\УЛПР2.csproj", "{951883ED-DF6A-4672-A014-ED39F0251699}"
EndProject
Global
	GlobalSection(SolutionConfigurationPlatforms) = preSolution
		Debug|Any CPU = Debug|Any CPU
		Release|Any CPU = Release|Any CPU
	EndGlobalSection
	GlobalSection(ProjectConfigurationPlatforms) = postSolution
		{951883ED-DF6A-4672-A014-ED39F0251699}.Debug|Any CPU.ActiveCfg = Debug|Any CPU
		{951883ED-DF6A-4672-A014-ED39F0251699}.Debug|Any CPU.Build.0 = Debug|Any CPU
		{951883ED-DF6A-4672-A014-ED39F0251699}.Release|Any CPU.ActiveCfg = Release|Any CPU
		{951883ED-DF6A-4672-A014-ED39F0251699}.Release|Any CPU.Build.0 = Release|Any CPU
	EndGlobalSection
	GlobalSection(SolutionProperties) = preSolution
		HideSolutionNode = FALSE
	EndGlobalSection
	GlobalSection(ExtensibilityGlobals) = postSolution
		SolutionGuid = {CCA622B7-64E6-4E2B-B1BC-3CE22722807E}
	EndGlobalSection
EndGlobal
