
Microsoft Visual Studio Solution File, Format Version 12.00
# Visual Studio Version 17
VisualStudioVersion = 17.1.32210.238
MinimumVisualStudioVersion = 10.0.40219.1
Project("{FAE04EC0-301F-11D3-BF4B-00C04F79EFBC}") = "УЛПР3", "УЛПР3\УЛПР3.csproj", "{5182D84C-7660-4FA5-A7D2-FC2D43981B8B}"
EndProject
Global
	GlobalSection(SolutionConfigurationPlatforms) = preSolution
		Debug|Any CPU = Debug|Any CPU
		Release|Any CPU = Release|Any CPU
	EndGlobalSection
	GlobalSection(ProjectConfigurationPlatforms) = postSolution
		{5182D84C-7660-4FA5-A7D2-FC2D43981B8B}.Debug|Any CPU.ActiveCfg = Debug|Any CPU
		{5182D84C-7660-4FA5-A7D2-FC2D43981B8B}.Debug|Any CPU.Build.0 = Debug|Any CPU
		{5182D84C-7660-4FA5-A7D2-FC2D43981B8B}.Release|Any CPU.ActiveCfg = Release|Any CPU
		{5182D84C-7660-4FA5-A7D2-FC2D43981B8B}.Release|Any CPU.Build.0 = Release|Any CPU
	EndGlobalSection
	GlobalSection(SolutionProperties) = preSolution
		HideSolutionNode = FALSE
	EndGlobalSection
	GlobalSection(ExtensibilityGlobals) = postSolution
		SolutionGuid = {167CCE77-DDE4-44D2-8B2B-6BB4FA542A66}
	EndGlobalSection
EndGlobal
